// !$*UTF8*$!
{
	archiveVersion = 1;
	classes = {
	};
	objectVersion = 55;
	objects = {

/* Begin PBXBuildFile section */
		BD2CE36D2891B24F0079FD24 /* AppDelegate.swift in Sources */ = {isa = PBXBuildFile; fileRef = BD2CE36C2891B24F0079FD24 /* AppDelegate.swift */; };
		BD2CE36F2891B24F0079FD24 /* SceneDelegate.swift in Sources */ = {isa = PBXBuildFile; fileRef = BD2CE36E2891B24F0079FD24 /* SceneDelegate.swift */; };
		BD2CE3712891B24F0079FD24 /* ViewController.swift in Sources */ = {isa = PBXBuildFile; fileRef = BD2CE3702891B24F0079FD24 /* ViewController.swift */; };
		BD2CE3742891B24F0079FD24 /* Main.storyboard in Resources */ = {isa = PBXBuildFile; fileRef = BD2CE3722891B24F0079FD24 /* Main.storyboard */; };
		BD2CE3772891B24F0079FD24 /* miniProject1.xcdatamodeld in Sources */ = {isa = PBXBuildFile; fileRef = BD2CE3752891B24F0079FD24 /* miniProject1.xcdatamodeld */; };
		BD2CE3792891B2510079FD24 /* Assets.xcassets in Resources */ = {isa = PBXBuildFile; fileRef = BD2CE3782891B2510079FD24 /* Assets.xcassets */; };
		BD2CE37C2891B2510079FD24 /* LaunchScreen.storyboard in Resources */ = {isa = PBXBuildFile; fileRef = BD2CE37A2891B2510079FD24 /* LaunchScreen.storyboard */; };
		BD2CE3872891B2510079FD24 /* miniProject1Tests.swift in Sources */ = {isa = PBXBuildFile; fileRef = BD2CE3862891B2510079FD24 /* miniProject1Tests.swift */; };
		BD2CE3912891B2510079FD24 /* miniProject1UITests.swift in Sources */ = {isa = PBXBuildFile; fileRef = BD2CE3902891B2510079FD24 /* miniProject1UITests.swift */; };
		BD2CE3932891B2510079FD24 /* miniProject1UITestsLaunchTests.swift in Sources */ = {isa = PBXBuildFile; fileRef = BD2CE3922891B2510079FD24 /* miniProject1UITestsLaunchTests.swift */; };
/* End PBXBuildFile section */

/* Begin PBXContainerItemProxy section */
		BD2CE3832891B2510079FD24 /* PBXContainerItemProxy */ = {
			isa = PBXContainerItemProxy;
			containerPortal = BD2CE3612891B24F0079FD24 /* Project object */;
			proxyType = 1;
			remoteGlobalIDString = BD2CE3682891B24F0079FD24;
			remoteInfo = miniProject1;
		};
		BD2CE38D2891B2510079FD24 /* PBXContainerItemProxy */ = {
			isa = PBXContainerItemProxy;
			containerPortal = BD2CE3612891B24F0079FD24 /* Project object */;
			proxyType = 1;
			remoteGlobalIDString = BD2CE3682891B24F0079FD24;
			remoteInfo = miniProject1;
		};
/* End PBXContainerItemProxy section */

/* Begin PBXFileReference section */
		BD2CE3692891B24F0079FD24 /* miniProject1.app */ = {isa = PBXFileReference; explicitFileType = wrapper.application; includeInIndex = 0; path = miniProject1.app; sourceTree = BUILT_PRODUCTS_DIR; };
		BD2CE36C2891B24F0079FD24 /* AppDelegate.swift */ = {isa = PBXFileReference; lastKnownFileType = sourcecode.swift; path = AppDelegate.swift; sourceTree = "<group>"; };
		BD2CE36E2891B24F0079FD24 /* SceneDelegate.swift */ = {isa = PBXFileReference; lastKnownFileType = sourcecode.swift; path = SceneDelegate.swift; sourceTree = "<group>"; };
		BD2CE3702891B24F0079FD24 /* ViewController.swift */ = {isa = PBXFileReference; lastKnownFileType = sourcecode.swift; path = ViewController.swift; sourceTree = "<group>"; };
		BD2CE3732891B24F0079FD24 /* Base */ = {isa = PBXFileReference; lastKnownFileType = file.storyboard; name = Base; path = Base.lproj/Main.storyboard; sourceTree = "<group>"; };
		BD2CE3762891B24F0079FD24 /* miniProject1.xcdatamodel */ = {isa = PBXFileReference; lastKnownFileType = wrapper.xcdatamodel; path = miniProject1.xcdatamodel; sourceTree = "<group>"; };
		BD2CE3782891B2510079FD24 /* Assets.xcassets */ = {isa = PBXFileReference; lastKnownFileType = folder.assetcatalog; path = Assets.xcassets; sourceTree = "<group>"; };
		BD2CE37B2891B2510079FD24 /* Base */ = {isa = PBXFileReference; lastKnownFileType = file.storyboard; name = Base; path = Base.lproj/LaunchScreen.storyboard; sourceTree = "<group>"; };
		BD2CE37D2891B2510079FD24 /* Info.plist */ = {isa = PBXFileReference; lastKnownFileType = text.plist.xml; path = Info.plist; sourceTree = "<group>"; };
		BD2CE3822891B2510079FD24 /* miniProject1Tests.xctest */ = {isa = PBXFileReference; explicitFileType = wrapper.cfbundle; includeInIndex = 0; path = miniProject1Tests.xctest; sourceTree = BUILT_PRODUCTS_DIR; };
		BD2CE3862891B2510079FD24 /* miniProject1Tests.swift */ = {isa = PBXFileReference; lastKnownFileType = sourcecode.swift; path = miniProject1Tests.swift; sourceTree = "<group>"; };
		BD2CE38C2891B2510079FD24 /* miniProject1UITests.xctest */ = {isa = PBXFileReference; explicitFileType = wrapper.cfbundle; includeInIndex = 0; path = miniProject1UITests.xctest; sourceTree = BUILT_PRODUCTS_DIR; };
		BD2CE3902891B2510079FD24 /* miniProject1UITests.swift */ = {isa = PBXFileReference; lastKnownFileType = sourcecode.swift; path = miniProject1UITests.swift; sourceTree = "<group>"; };
		BD2CE3922891B2510079FD24 /* miniProject1UITestsLaunchTests.swift */ = {isa = PBXFileReference; lastKnownFileType = sourcecode.swift; path = miniProject1UITestsLaunchTests.swift; sourceTree = "<group>"; };
/* End PBXFileReference section */

/* Begin PBXFrameworksBuildPhase section */
		BD2CE3662891B24F0079FD24 /* Frameworks */ = {
			isa = PBXFrameworksBuildPhase;
			buildActionMask = 2147483647;
			files = (
			);
			runOnlyForDeploymentPostprocessing = 0;
		};
		BD2CE37F2891B2510079FD24 /* Frameworks */ = {
			isa = PBXFrameworksBuildPhase;
			buildActionMask = 2147483647;
			files = (
			);
			runOnlyForDeploymentPostprocessing = 0;
		};
		BD2CE3892891B2510079FD24 /* Frameworks */ = {
			isa = PBXFrameworksBuildPhase;
			buildActionMask = 2147483647;
			files = (
			);
			runOnlyForDeploymentPostprocessing = 0;
		};
/* End PBXFrameworksBuildPhase section */

/* Begin PBXGroup section */
		BD2CE3602891B24F0079FD24 = {
			isa = PBXGroup;
			children = (
				BD2CE36B2891B24F0079FD24 /* miniProject1 */,
				BD2CE3852891B2510079FD24 /* miniProject1Tests */,
				BD2CE38F2891B2510079FD24 /* miniProject1UITests */,
				BD2CE36A2891B24F0079FD24 /* Products */,
			);
			sourceTree = "<group>";
		};
		BD2CE36A2891B24F0079FD24 /* Products */ = {
			isa = PBXGroup;
			children = (
				BD2CE3692891B24F0079FD24 /* miniProject1.app */,
				BD2CE3822891B2510079FD24 /* miniProject1Tests.xctest */,
				BD2CE38C2891B2510079FD24 /* miniProject1UITests.xctest */,
			);
			name = Products;
			sourceTree = "<group>";
		};
		BD2CE36B2891B24F0079FD24 /* miniProject1 */ = {
			isa = PBXGroup;
			children = (
				BD2CE36C2891B24F0079FD24 /* AppDelegate.swift */,
				BD2CE36E2891B24F0079FD24 /* SceneDelegate.swift */,
				BD2CE3702891B24F0079FD24 /* ViewController.swift */,
				BD2CE3722891B24F0079FD24 /* Main.storyboard */,
				BD2CE3782891B2510079FD24 /* Assets.xcassets */,
				BD2CE37A2891B2510079FD24 /* LaunchScreen.storyboard */,
				BD2CE37D2891B2510079FD24 /* Info.plist */,
				BD2CE3752891B24F0079FD24 /* miniProject1.xcdatamodeld */,
			);
			path = miniProject1;
			sourceTree = "<group>";
		};
		BD2CE3852891B2510079FD24 /* miniProject1Tests */ = {
			isa = PBXGroup;
			children = (
				BD2CE3862891B2510079FD24 /* miniProject1Tests.swift */,
			);
			path = miniProject1Tests;
			sourceTree = "<group>";
		};
		BD2CE38F2891B2510079FD24 /* miniProject1UITests */ = {
			isa = PBXGroup;
			children = (
				BD2CE3902891B2510079FD24 /* miniProject1UITests.swift */,
				BD2CE3922891B2510079FD24 /* miniProject1UITestsLaunchTests.swift */,
			);
			path = miniProject1UITests;
			sourceTree = "<group>";
		};
/* End PBXGroup section */

/* Begin PBXNativeTarget section */
		BD2CE3682891B24F0079FD24 /* miniProject1 */ = {
			isa = PBXNativeTarget;
			buildConfigurationList = BD2CE3962891B2510079FD24 /* Build configuration list for PBXNativeTarget "miniProject1" */;
			buildPhases = (
				BD2CE3652891B24F0079FD24 /* Sources */,
				BD2CE3662891B24F0079FD24 /* Frameworks */,
				BD2CE3672891B24F0079FD24 /* Resources */,
			);
			buildRules = (
			);
			dependencies = (
			);
			name = miniProject1;
			productName = miniProject1;
			productReference = BD2CE3692891B24F0079FD24 /* miniProject1.app */;
			productType = "com.apple.product-type.application";
		};
		BD2CE3812891B2510079FD24 /* miniProject1Tests */ = {
			isa = PBXNativeTarget;
			buildConfigurationList = BD2CE3992891B2510079FD24 /* Build configuration list for PBXNativeTarget "miniProject1Tests" */;
			buildPhases = (
				BD2CE37E2891B2510079FD24 /* Sources */,
				BD2CE37F2891B2510079FD24 /* Frameworks */,
				BD2CE3802891B2510079FD24 /* Resources */,
			);
			buildRules = (
			);
			dependencies = (
				BD2CE3842891B2510079FD24 /* PBXTargetDependency */,
			);
			name = miniProject1Tests;
			productName = miniProject1Tests;
			productReference = BD2CE3822891B2510079FD24 /* miniProject1Tests.xctest */;
			productType = "com.apple.product-type.bundle.unit-test";
		};
		BD2CE38B2891B2510079FD24 /* miniProject1UITests */ = {
			isa = PBXNativeTarget;
			buildConfigurationList = BD2CE39C2891B2510079FD24 /* Build configuration list for PBXNativeTarget "miniProject1UITests" */;
			buildPhases = (
				BD2CE3882891B2510079FD24 /* Sources */,
				BD2CE3892891B2510079FD24 /* Frameworks */,
				BD2CE38A2891B2510079FD24 /* Resources */,
			);
			buildRules = (
			);
			dependencies = (
				BD2CE38E2891B2510079FD24 /* PBXTargetDependency */,
			);
			name = miniProject1UITests;
			productName = miniProject1UITests;
			productReference = BD2CE38C2891B2510079FD24 /* miniProject1UITests.xctest */;
			productType = "com.apple.product-type.bundle.ui-testing";
		};
/* End PBXNativeTarget section */

/* Begin PBXProject section */
		BD2CE3612891B24F0079FD24 /* Project object */ = {
			isa = PBXProject;
			attributes = {
				BuildIndependentTargetsInParallel = 1;
				LastSwiftUpdateCheck = 1340;
				LastUpgradeCheck = 1340;
				TargetAttributes = {
					BD2CE3682891B24F0079FD24 = {
						CreatedOnToolsVersion = 13.4.1;
					};
					BD2CE3812891B2510079FD24 = {
						CreatedOnToolsVersion = 13.4.1;
						TestTargetID = BD2CE3682891B24F0079FD24;
					};
					BD2CE38B2891B2510079FD24 = {
						CreatedOnToolsVersion = 13.4.1;
						TestTargetID = BD2CE3682891B24F0079FD24;
					};
				};
			};
			buildConfigurationList = BD2CE3642891B24F0079FD24 /* Build configuration list for PBXProject "miniProject1" */;
			compatibilityVersion = "Xcode 13.0";
			developmentRegion = en;
			hasScannedForEncodings = 0;
			knownRegions = (
				en,
				Base,
			);
			mainGroup = BD2CE3602891B24F0079FD24;
			productRefGroup = BD2CE36A2891B24F0079FD24 /* Products */;
			projectDirPath = "";
			projectRoot = "";
			targets = (
				BD2CE3682891B24F0079FD24 /* miniProject1 */,
				BD2CE3812891B2510079FD24 /* miniProject1Tests */,
				BD2CE38B2891B2510079FD24 /* miniProject1UITests */,
			);
		};
/* End PBXProject section */

/* Begin PBXResourcesBuildPhase section */
		BD2CE3672891B24F0079FD24 /* Resources */ = {
			isa = PBXResourcesBuildPhase;
			buildActionMask = 2147483647;
			files = (
				BD2CE37C2891B2510079FD24 /* LaunchScreen.storyboard in Resources */,
				BD2CE3792891B2510079FD24 /* Assets.xcassets in Resources */,
				BD2CE3742891B24F0079FD24 /* Main.storyboard in Resources */,
			);
			runOnlyForDeploymentPostprocessing = 0;
		};
		BD2CE3802891B2510079FD24 /* Resources */ = {
			isa = PBXResourcesBuildPhase;
			buildActionMask = 2147483647;
			files = (
			);
			runOnlyForDeploymentPostprocessing = 0;
		};
		BD2CE38A2891B2510079FD24 /* Resources */ = {
			isa = PBXResourcesBuildPhase;
			buildActionMask = 2147483647;
			files = (
			);
			runOnlyForDeploymentPostprocessing = 0;
		};
/* End PBXResourcesBuildPhase section */

/* Begin PBXSourcesBuildPhase section */
		BD2CE3652891B24F0079FD24 /* Sources */ = {
			isa = PBXSourcesBuildPhase;
			buildActionMask = 2147483647;
			files = (
				BD2CE3712891B24F0079FD24 /* ViewController.swift in Sources */,
				BD2CE36D2891B24F0079FD24 /* AppDelegate.swift in Sources */,
				BD2CE3772891B24F0079FD24 /* miniProject1.xcdatamodeld in Sources */,
				BD2CE36F2891B24F0079FD24 /* SceneDelegate.swift in Sources */,
			);
			runOnlyForDeploymentPostprocessing = 0;
		};
		BD2CE37E2891B2510079FD24 /* Sources */ = {
			isa = PBXSourcesBuildPhase;
			buildActionMask = 2147483647;
			files = (
				BD2CE3872891B2510079FD24 /* miniProject1Tests.swift in Sources */,
			);
			runOnlyForDeploymentPostprocessing = 0;
		};
		BD2CE3882891B2510079FD24 /* Sources */ = {
			isa = PBXSourcesBuildPhase;
			buildActionMask = 2147483647;
			files = (
				BD2CE3912891B2510079FD24 /* miniProject1UITests.swift in Sources */,
				BD2CE3932891B2510079FD24 /* miniProject1UITestsLaunchTests.swift in Sources */,
			);
			runOnlyForDeploymentPostprocessing = 0;
		};
/* End PBXSourcesBuildPhase section */

/* Begin PBXTargetDependency section */
		BD2CE3842891B2510079FD24 /* PBXTargetDependency */ = {
			isa = PBXTargetDependency;
			target = BD2CE3682891B24F0079FD24 /* miniProject1 */;
			targetProxy = BD2CE3832891B2510079FD24 /* PBXContainerItemProxy */;
		};
		BD2CE38E2891B2510079FD24 /* PBXTargetDependency */ = {
			isa = PBXTargetDependency;
			target = BD2CE3682891B24F0079FD24 /* miniProject1 */;
			targetProxy = BD2CE38D2891B2510079FD24 /* PBXContainerItemProxy */;
		};
/* End PBXTargetDependency section */

/* Begin PBXVariantGroup section */
		BD2CE3722891B24F0079FD24 /* Main.storyboard */ = {
			isa = PBXVariantGroup;
			children = (
				BD2CE3732891B24F0079FD24 /* Base */,
			);
			name = Main.storyboard;
			sourceTree = "<group>";
		};
		BD2CE37A2891B2510079FD24 /* LaunchScreen.storyboard */ = {
			isa = PBXVariantGroup;
			children = (
				BD2CE37B2891B2510079FD24 /* Base */,
			);
			name = LaunchScreen.storyboard;
			sourceTree = "<group>";
		};
/* End PBXVariantGroup section */

/* Begin XCBuildConfiguration section */
		BD2CE3942891B2510079FD24 /* Debug */ = {
			isa = XCBuildConfiguration;
			buildSettings = {
				ALWAYS_SEARCH_USER_PATHS = NO;
				CLANG_ANALYZER_NONNULL = YES;
				CLANG_ANALYZER_NUMBER_OBJECT_CONVERSION = YES_AGGRESSIVE;
				CLANG_CXX_LANGUAGE_STANDARD = "gnu++17";
				CLANG_ENABLE_MODULES = YES;
				CLANG_ENABLE_OBJC_ARC = YES;
				CLANG_ENABLE_OBJC_WEAK = YES;
				CLANG_WARN_BLOCK_CAPTURE_AUTORELEASING = YES;
				CLANG_WARN_BOOL_CONVERSION = YES;
				CLANG_WARN_COMMA = YES;
				CLANG_WARN_CONSTANT_CONVERSION = YES;
				CLANG_WARN_DEPRECATED_OBJC_IMPLEMENTATIONS = YES;
				CLANG_WARN_DIRECT_OBJC_ISA_USAGE = YES_ERROR;
				CLANG_WARN_DOCUMENTATION_COMMENTS = YES;
				CLANG_WARN_EMPTY_BODY = YES;
				CLANG_WARN_ENUM_CONVERSION = YES;
				CLANG_WARN_INFINITE_RECURSION = YES;
				CLANG_WARN_INT_CONVERSION = YES;
				CLANG_WARN_NON_LITERAL_NULL_CONVERSION = YES;
				CLANG_WARN_OBJC_IMPLICIT_RETAIN_SELF = YES;
				CLANG_WARN_OBJC_LITERAL_CONVERSION = YES;
				CLANG_WARN_OBJC_ROOT_CLASS = YES_ERROR;
				CLANG_WARN_QUOTED_INCLUDE_IN_FRAMEWORK_HEADER = YES;
				CLANG_WARN_RANGE_LOOP_ANALYSIS = YES;
				CLANG_WARN_STRICT_PROTOTYPES = YES;
				CLANG_WARN_SUSPICIOUS_MOVE = YES;
				CLANG_WARN_UNGUARDED_AVAILABILITY = YES_AGGRESSIVE;
				CLANG_WARN_UNREACHABLE_CODE = YES;
				CLANG_WARN__DUPLICATE_METHOD_MATCH = YES;
				COPY_PHASE_STRIP = NO;
				DEBUG_INFORMATION_FORMAT = dwarf;
				ENABLE_STRICT_OBJC_MSGSEND = YES;
				ENABLE_TESTABILITY = YES;
				GCC_C_LANGUAGE_STANDARD = gnu11;
				GCC_DYNAMIC_NO_PIC = NO;
				GCC_NO_COMMON_BLOCKS = YES;
				GCC_OPTIMIZATION_LEVEL = 0;
				GCC_PREPROCESSOR_DEFINITIONS = (
					"DEBUG=1",
					"$(inherited)",
				);
				GCC_WARN_64_TO_32_BIT_CONVERSION = YES;
				GCC_WARN_ABOUT_RETURN_TYPE = YES_ERROR;
				GCC_WARN_UNDECLARED_SELECTOR = YES;
				GCC_WARN_UNINITIALIZED_AUTOS = YES_AGGRESSIVE;
				GCC_WARN_UNUSED_FUNCTION = YES;
				GCC_WARN_UNUSED_VARIABLE = YES;
				IPHONEOS_DEPLOYMENT_TARGET = 15.5;
				MTL_ENABLE_DEBUG_INFO = INCLUDE_SOURCE;
				MTL_FAST_MATH = YES;
				ONLY_ACTIVE_ARCH = YES;
				SDKROOT = iphoneos;
				SWIFT_ACTIVE_COMPILATION_CONDITIONS = DEBUG;
				SWIFT_OPTIMIZATION_LEVEL = "-Onone";
			};
			name = Debug;
		};
		BD2CE3952891B2510079FD24 /* Release */ = {
			isa = XCBuildConfiguration;
			buildSettings = {
				ALWAYS_SEARCH_USER_PATHS = NO;
				CLANG_ANALYZER_NONNULL = YES;
				CLANG_ANALYZER_NUMBER_OBJECT_CONVERSION = YES_AGGRESSIVE;
				CLANG_CXX_LANGUAGE_STANDARD = "gnu++17";
				CLANG_ENABLE_MODULES = YES;
				CLANG_ENABLE_OBJC_ARC = YES;
				CLANG_ENABLE_OBJC_WEAK = YES;
				CLANG_WARN_BLOCK_CAPTURE_AUTORELEASING = YES;
				CLANG_WARN_BOOL_CONVERSION = YES;
				CLANG_WARN_COMMA = YES;
				CLANG_WARN_CONSTANT_CONVERSION = YES;
				CLANG_WARN_DEPRECATED_OBJC_IMPLEMENTATIONS = YES;
				CLANG_WARN_DIRECT_OBJC_ISA_USAGE = YES_ERROR;
				CLANG_WARN_DOCUMENTATION_COMMENTS = YES;
				CLANG_WARN_EMPTY_BODY = YES;
				CLANG_WARN_ENUM_CONVERSION = YES;
				CLANG_WARN_INFINITE_RECURSION = YES;
				CLANG_WARN_INT_CONVERSION = YES;
				CLANG_WARN_NON_LITERAL_NULL_CONVERSION = YES;
				CLANG_WARN_OBJC_IMPLICIT_RETAIN_SELF = YES;
				CLANG_WARN_OBJC_LITERAL_CONVERSION = YES;
				CLANG_WARN_OBJC_ROOT_CLASS = YES_ERROR;
				CLANG_WARN_QUOTED_INCLUDE_IN_FRAMEWORK_HEADER = YES;
				CLANG_WARN_RANGE_LOOP_ANALYSIS = YES;
				CLANG_WARN_STRICT_PROTOTYPES = YES;
				CLANG_WARN_SUSPICIOUS_MOVE = YES;
				CLANG_WARN_UNGUARDED_AVAILABILITY = YES_AGGRESSIVE;
				CLANG_WARN_UNREACHABLE_CODE = YES;
				CLANG_WARN__DUPLICATE_METHOD_MATCH = YES;
				COPY_PHASE_STRIP = NO;
				DEBUG_INFORMATION_FORMAT = "dwarf-with-dsym";
				ENABLE_NS_ASSERTIONS = NO;
				ENABLE_STRICT_OBJC_MSGSEND = YES;
				GCC_C_LANGUAGE_STANDARD = gnu11;
				GCC_NO_COMMON_BLOCKS = YES;
				GCC_WARN_64_TO_32_BIT_CONVERSION = YES;
				GCC_WARN_ABOUT_RETURN_TYPE = YES_ERROR;
				GCC_WARN_UNDECLARED_SELECTOR = YES;
				GCC_WARN_UNINITIALIZED_AUTOS = YES_AGGRESSIVE;
				GCC_WARN_UNUSED_FUNCTION = YES;
				GCC_WARN_UNUSED_VARIABLE = YES;
				IPHONEOS_DEPLOYMENT_TARGET = 15.5;
				MTL_ENABLE_DEBUG_INFO = NO;
				MTL_FAST_MATH = YES;
				SDKROOT = iphoneos;
				SWIFT_COMPILATION_MODE = wholemodule;
				SWIFT_OPTIMIZATION_LEVEL = "-O";
				VALIDATE_PRODUCT = YES;
			};
			name = Release;
		};
		BD2CE3972891B2510079FD24 /* Debug */ = {
			isa = XCBuildConfiguration;
			buildSettings = {
				ASSETCATALOG_COMPILER_APPICON_NAME = AppIcon;
				ASSETCATALOG_COMPILER_GLOBAL_ACCENT_COLOR_NAME = AccentColor;
				CODE_SIGN_STYLE = Automatic;
				CURRENT_PROJECT_VERSION = 1;
				GENERATE_INFOPLIST_FILE = YES;
				INFOPLIST_FILE = miniProject1/Info.plist;
				INFOPLIST_KEY_UIApplicationSupportsIndirectInputEvents = YES;
				INFOPLIST_KEY_UILaunchStoryboardName = LaunchScreen;
				INFOPLIST_KEY_UIMainStoryboardFile = Main;
				INFOPLIST_KEY_UISupportedInterfaceOrientations_iPad = "UIInterfaceOrientationPortrait UIInterfaceOrientationPortraitUpsideDown UIInterfaceOrientationLandscapeLeft UIInterfaceOrientationLandscapeRight";
				INFOPLIST_KEY_UISupportedInterfaceOrientations_iPhone = "UIInterfaceOrientationPortrait UIInterfaceOrientationLandscapeLeft UIInterfaceOrientationLandscapeRight";
				LD_RUNPATH_SEARCH_PATHS = (
					"$(inherited)",
					"@executable_path/Frameworks",
				);
				MARKETING_VERSION = 1.0;
				PRODUCT_BUNDLE_IDENTIFIER = kwk.miniProject1;
				PRODUCT_NAME = "$(TARGET_NAME)";
				SWIFT_EMIT_LOC_STRINGS = YES;
				SWIFT_VERSION = 5.0;
				TARGETED_DEVICE_FAMILY = "1,2";
			};
			name = Debug;
		};
		BD2CE3982891B2510079FD24 /* Release */ = {
			isa = XCBuildConfiguration;
			buildSettings = {
				ASSETCATALOG_COMPILER_APPICON_NAME = AppIcon;
				ASSETCATALOG_COMPILER_GLOBAL_ACCENT_COLOR_NAME = AccentColor;
				CODE_SIGN_STYLE = Automatic;
				CURRENT_PROJECT_VERSION = 1;
				GENERATE_INFOPLIST_FILE = YES;
				INFOPLIST_FILE = miniProject1/Info.plist;
				INFOPLIST_KEY_UIApplicationSupportsIndirectInputEvents = YES;
				INFOPLIST_KEY_UILaunchStoryboardName = LaunchScreen;
				INFOPLIST_KEY_UIMainStoryboardFile = Main;
				INFOPLIST_KEY_UISupportedInterfaceOrientations_iPad = "UIInterfaceOrientationPortrait UIInterfaceOrientationPortraitUpsideDown UIInterfaceOrientationLandscapeLeft UIInterfaceOrientationLandscapeRight";
				INFOPLIST_KEY_UISupportedInterfaceOrientations_iPhone = "UIInterfaceOrientationPortrait UIInterfaceOrientationLandscapeLeft UIInterfaceOrientationLandscapeRight";
				LD_RUNPATH_SEARCH_PATHS = (
					"$(inherited)",
					"@executable_path/Frameworks",
				);
				MARKETING_VERSION = 1.0;
				PRODUCT_BUNDLE_IDENTIFIER = kwk.miniProject1;
				PRODUCT_NAME = "$(TARGET_NAME)";
				SWIFT_EMIT_LOC_STRINGS = YES;
				SWIFT_VERSION = 5.0;
				TARGETED_DEVICE_FAMILY = "1,2";
			};
			name = Release;
		};
		BD2CE39A2891B2510079FD24 /* Debug */ = {
			isa = XCBuildConfiguration;
			buildSettings = {
				ALWAYS_EMBED_SWIFT_STANDARD_LIBRARIES = YES;
				BUNDLE_LOADER = "$(TEST_HOST)";
				CODE_SIGN_STYLE = Automatic;
				CURRENT_PROJECT_VERSION = 1;
				GENERATE_INFOPLIST_FILE = YES;
				IPHONEOS_DEPLOYMENT_TARGET = 15.5;
				MARKETING_VERSION = 1.0;
				PRODUCT_BUNDLE_IDENTIFIER = kwk.miniProject1Tests;
				PRODUCT_NAME = "$(TARGET_NAME)";
				SWIFT_EMIT_LOC_STRINGS = NO;
				SWIFT_VERSION = 5.0;
				TARGETED_DEVICE_FAMILY = "1,2";
				TEST_HOST = "$(BUILT_PRODUCTS_DIR)/miniProject1.app/miniProject1";
			};
			name = Debug;
		};
		BD2CE39B2891B2510079FD24 /* Release */ = {
			isa = XCBuildConfiguration;
			buildSettings = {
				ALWAYS_EMBED_SWIFT_STANDARD_LIBRARIES = YES;
				BUNDLE_LOADER = "$(TEST_HOST)";
				CODE_SIGN_STYLE = Automatic;
				CURRENT_PROJECT_VERSION = 1;
				GENERATE_INFOPLIST_FILE = YES;
				IPHONEOS_DEPLOYMENT_TARGET = 15.5;
				MARKETING_VERSION = 1.0;
				PRODUCT_BUNDLE_IDENTIFIER = kwk.miniProject1Tests;
				PRODUCT_NAME = "$(TARGET_NAME)";
				SWIFT_EMIT_LOC_STRINGS = NO;
				SWIFT_VERSION = 5.0;
				TARGETED_DEVICE_FAMILY = "1,2";
				TEST_HOST = "$(BUILT_PRODUCTS_DIR)/miniProject1.app/miniProject1";
			};
			name = Release;
		};
		BD2CE39D2891B2510079FD24 /* Debug */ = {
			isa = XCBuildConfiguration;
			buildSettings = {
				ALWAYS_EMBED_SWIFT_STANDARD_LIBRARIES = YES;
				CODE_SIGN_STYLE = Automatic;
				CURRENT_PROJECT_VERSION = 1;
				GENERATE_INFOPLIST_FILE = YES;
				MARKETING_VERSION = 1.0;
				PRODUCT_BUNDLE_IDENTIFIER = kwk.miniProject1UITests;
				PRODUCT_NAME = "$(TARGET_NAME)";
				SWIFT_EMIT_LOC_STRINGS = NO;
				SWIFT_VERSION = 5.0;
				TARGETED_DEVICE_FAMILY = "1,2";
				TEST_TARGET_NAME = miniProject1;
			};
			name = Debug;
		};
		BD2CE39E2891B2510079FD24 /* Release */ = {
			isa = XCBuildConfiguration;
			buildSettings = {
				ALWAYS_EMBED_SWIFT_STANDARD_LIBRARIES = YES;
				CODE_SIGN_STYLE = Automatic;
				CURRENT_PROJECT_VERSION = 1;
				GENERATE_INFOPLIST_FILE = YES;
				MARKETING_VERSION = 1.0;
				PRODUCT_BUNDLE_IDENTIFIER = kwk.miniProject1UITests;
				PRODUCT_NAME = "$(TARGET_NAME)";
				SWIFT_EMIT_LOC_STRINGS = NO;
				SWIFT_VERSION = 5.0;
				TARGETED_DEVICE_FAMILY = "1,2";
				TEST_TARGET_NAME = miniProject1;
			};
			name = Release;
		};
/* End XCBuildConfiguration section */

/* Begin XCConfigurationList section */
		BD2CE3642891B24F0079FD24 /* Build configuration list for PBXProject "miniProject1" */ = {
			isa = XCConfigurationList;
			buildConfigurations = (
				BD2CE3942891B2510079FD24 /* Debug */,
				BD2CE3952891B2510079FD24 /* Release */,
			);
			defaultConfigurationIsVisible = 0;
			defaultConfigurationName = Release;
		};
		BD2CE3962891B2510079FD24 /* Build configuration list for PBXNativeTarget "miniProject1" */ = {
			isa = XCConfigurationList;
			buildConfigurations = (
				BD2CE3972891B2510079FD24 /* Debug */,
				BD2CE3982891B2510079FD24 /* Release */,
			);
			defaultConfigurationIsVisible = 0;
			defaultConfigurationName = Release;
		};
		BD2CE3992891B2510079FD24 /* Build configuration list for PBXNativeTarget "miniProject1Tests" */ = {
			isa = XCConfigurationList;
			buildConfigurations = (
				BD2CE39A2891B2510079FD24 /* Debug */,
				BD2CE39B2891B2510079FD24 /* Release */,
			);
			defaultConfigurationIsVisible = 0;
			defaultConfigurationName = Release;
		};
		BD2CE39C2891B2510079FD24 /* Build configuration list for PBXNativeTarget "miniProject1UITests" */ = {
			isa = XCConfigurationList;
			buildConfigurations = (
				BD2CE39D2891B2510079FD24 /* Debug */,
				BD2CE39E2891B2510079FD24 /* Release */,
			);
			defaultConfigurationIsVisible = 0;
			defaultConfigurationName = Release;
		};
/* End XCConfigurationList section */

/* Begin XCVersionGroup section */
		BD2CE3752891B24F0079FD24 /* miniProject1.xcdatamodeld */ = {
			isa = XCVersionGroup;
			children = (
				BD2CE3762891B24F0079FD24 /* miniProject1.xcdatamodel */,
			);
			currentVersion = BD2CE3762891B24F0079FD24 /* miniProject1.xcdatamodel */;
			path = miniProject1.xcdatamodeld;
			sourceTree = "<group>";
			versionGroupType = wrapper.xcdatamodel;
		};
/* End XCVersionGroup section */
	};
	rootObject = BD2CE3612891B24F0079FD24 /* Project object */;
}
